
Microsoft Visual Studio Solution File, Format Version 12.00
# Visual Studio 15
VisualStudioVersion = 15.0.26430.6
MinimumVisualStudioVersion = 10.0.40219.1
Project("{FAE04EC0-301F-11D3-BF4B-00C04F79EFBC}") = "Problem01FillTheMatrix", "Lecture231117\Problem01FillTheMatrix.csproj", "{E96CD33A-EC5A-4F8B-84B2-5C84EC911667}"
EndProject
Project("{FAE04EC0-301F-11D3-BF4B-00C04F79EFBC}") = "Problem02MaximumSum", "Problem02MaximumSum\Problem02MaximumSum.csproj", "{BC3A8210-F64B-4140-9C5D-80699D8541B7}"
EndProject
Project("{FAE04EC0-301F-11D3-BF4B-00C04F79EFBC}") = "Problem03Sequenceinmatrix", "Problem03Sequenceinmatrix\Problem03Sequenceinmatrix.csproj", "{F2A0032A-F4F0-425B-A3FF-F248755A7DE7}"
EndProject
Project("{FAE04EC0-301F-11D3-BF4B-00C04F79EFBC}") = "Problem08BishopPathFinder", "Problem08BishopPathFinder\Problem08BishopPathFinder.csproj", "{C186F7DA-CFD9-4574-85DF-FF36C453FFA4}"
EndProject
Project("{FAE04EC0-301F-11D3-BF4B-00C04F79EFBC}") = "Case c", "Case c\Case c.csproj", "{EDE1E798-DC0B-4640-9ED8-3D00161BF3E6}"
EndProject
Project("{FAE04EC0-301F-11D3-BF4B-00C04F79EFBC}") = "Case_c_1", "Case_c_1\Case_c_1.csproj", "{24C52EAE-77C3-4C36-8436-A0BBB14D91F4}"
EndProject
Global
	GlobalSection(SolutionConfigurationPlatforms) = preSolution
		Debug|Any CPU = Debug|Any CPU
		Release|Any CPU = Release|Any CPU
	EndGlobalSection
	GlobalSection(ProjectConfigurationPlatforms) = postSolution
		{E96CD33A-EC5A-4F8B-84B2-5C84EC911667}.Debug|Any CPU.ActiveCfg = Debug|Any CPU
		{E96CD33A-EC5A-4F8B-84B2-5C84EC911667}.Debug|Any CPU.Build.0 = Debug|Any CPU
		{E96CD33A-EC5A-4F8B-84B2-5C84EC911667}.Release|Any CPU.ActiveCfg = Release|Any CPU
		{E96CD33A-EC5A-4F8B-84B2-5C84EC911667}.Release|Any CPU.Build.0 = Release|Any CPU
		{BC3A8210-F64B-4140-9C5D-80699D8541B7}.Debug|Any CPU.ActiveCfg = Debug|Any CPU
		{BC3A8210-F64B-4140-9C5D-80699D8541B7}.Debug|Any CPU.Build.0 = Debug|Any CPU
		{BC3A8210-F64B-4140-9C5D-80699D8541B7}.Release|Any CPU.ActiveCfg = Release|Any CPU
		{BC3A8210-F64B-4140-9C5D-80699D8541B7}.Release|Any CPU.Build.0 = Release|Any CPU
		{F2A0032A-F4F0-425B-A3FF-F248755A7DE7}.Debug|Any CPU.ActiveCfg = Debug|Any CPU
		{F2A0032A-F4F0-425B-A3FF-F248755A7DE7}.Debug|Any CPU.Build.0 = Debug|Any CPU
		{F2A0032A-F4F0-425B-A3FF-F248755A7DE7}.Release|Any CPU.ActiveCfg = Release|Any CPU
		{F2A0032A-F4F0-425B-A3FF-F248755A7DE7}.Release|Any CPU.Build.0 = Release|Any CPU
		{C186F7DA-CFD9-4574-85DF-FF36C453FFA4}.Debug|Any CPU.ActiveCfg = Debug|Any CPU
		{C186F7DA-CFD9-4574-85DF-FF36C453FFA4}.Debug|Any CPU.Build.0 = Debug|Any CPU
		{C186F7DA-CFD9-4574-85DF-FF36C453FFA4}.Release|Any CPU.ActiveCfg = Release|Any CPU
		{C186F7DA-CFD9-4574-85DF-FF36C453FFA4}.Release|Any CPU.Build.0 = Release|Any CPU
		{EDE1E798-DC0B-4640-9ED8-3D00161BF3E6}.Debug|Any CPU.ActiveCfg = Debug|Any CPU
		{EDE1E798-DC0B-4640-9ED8-3D00161BF3E6}.Debug|Any CPU.Build.0 = Debug|Any CPU
		{EDE1E798-DC0B-4640-9ED8-3D00161BF3E6}.Release|Any CPU.ActiveCfg = Release|Any CPU
		{EDE1E798-DC0B-4640-9ED8-3D00161BF3E6}.Release|Any CPU.Build.0 = Release|Any CPU
		{24C52EAE-77C3-4C36-8436-A0BBB14D91F4}.Debug|Any CPU.ActiveCfg = Debug|Any CPU
		{24C52EAE-77C3-4C36-8436-A0BBB14D91F4}.Debug|Any CPU.Build.0 = Debug|Any CPU
		{24C52EAE-77C3-4C36-8436-A0BBB14D91F4}.Release|Any CPU.ActiveCfg = Release|Any CPU
		{24C52EAE-77C3-4C36-8436-A0BBB14D91F4}.Release|Any CPU.Build.0 = Release|Any CPU
	EndGlobalSection
	GlobalSection(SolutionProperties) = preSolution
		HideSolutionNode = FALSE
	EndGlobalSection
EndGlobal
