
Microsoft Visual Studio Solution File, Format Version 12.00
# Visual Studio 15
VisualStudioVersion = 15.0.26430.6
MinimumVisualStudioVersion = 10.0.40219.1
Project("{FAE04EC0-301F-11D3-BF4B-00C04F79EFBC}") = "Problem01KittyDroHell", "Problem01KittyDroHell\Problem01KittyDroHell.csproj", "{50847E0E-D649-4946-833B-7D3B85ED596D}"
EndProject
Project("{FAE04EC0-301F-11D3-BF4B-00C04F79EFBC}") = "Kitty SelfCodding", "Kitty SelfCodding\Kitty SelfCodding.csproj", "{3C9CEB34-CB92-4147-B26F-557E598303CC}"
EndProject
Project("{FAE04EC0-301F-11D3-BF4B-00C04F79EFBC}") = "Problem02BitShiftMatrix", "Problem02BitShiftMatrix\Problem02BitShiftMatrix.csproj", "{C47EB458-13EE-45A3-8131-A5789FA27F14}"
EndProject
Global
	GlobalSection(SolutionConfigurationPlatforms) = preSolution
		Debug|Any CPU = Debug|Any CPU
		Release|Any CPU = Release|Any CPU
	EndGlobalSection
	GlobalSection(ProjectConfigurationPlatforms) = postSolution
		{50847E0E-D649-4946-833B-7D3B85ED596D}.Debug|Any CPU.ActiveCfg = Debug|Any CPU
		{50847E0E-D649-4946-833B-7D3B85ED596D}.Debug|Any CPU.Build.0 = Debug|Any CPU
		{50847E0E-D649-4946-833B-7D3B85ED596D}.Release|Any CPU.ActiveCfg = Release|Any CPU
		{50847E0E-D649-4946-833B-7D3B85ED596D}.Release|Any CPU.Build.0 = Release|Any CPU
		{3C9CEB34-CB92-4147-B26F-557E598303CC}.Debug|Any CPU.ActiveCfg = Debug|Any CPU
		{3C9CEB34-CB92-4147-B26F-557E598303CC}.Debug|Any CPU.Build.0 = Debug|Any CPU
		{3C9CEB34-CB92-4147-B26F-557E598303CC}.Release|Any CPU.ActiveCfg = Release|Any CPU
		{3C9CEB34-CB92-4147-B26F-557E598303CC}.Release|Any CPU.Build.0 = Release|Any CPU
		{C47EB458-13EE-45A3-8131-A5789FA27F14}.Debug|Any CPU.ActiveCfg = Debug|Any CPU
		{C47EB458-13EE-45A3-8131-A5789FA27F14}.Debug|Any CPU.Build.0 = Debug|Any CPU
		{C47EB458-13EE-45A3-8131-A5789FA27F14}.Release|Any CPU.ActiveCfg = Release|Any CPU
		{C47EB458-13EE-45A3-8131-A5789FA27F14}.Release|Any CPU.Build.0 = Release|Any CPU
	EndGlobalSection
	GlobalSection(SolutionProperties) = preSolution
		HideSolutionNode = FALSE
	EndGlobalSection
EndGlobal
